
Microsoft Visual Studio Solution File, Format Version 12.00
# Visual Studio Version 17
VisualStudioVersion = 17.5.002.0
MinimumVisualStudioVersion = 10.0.40219.1
Project("{9A19103F-16F7-4668-BE54-9A1E7A4F7556}") = "desafio-api", "desafio-api.csproj", "{B9BF7C3A-A20D-4652-9344-E2D05D3FF418}"
EndProject
Global
	GlobalSection(SolutionConfigurationPlatforms) = preSolution
		Debug|Any CPU = Debug|Any CPU
		Release|Any CPU = Release|Any CPU
	EndGlobalSection
	GlobalSection(ProjectConfigurationPlatforms) = postSolution
		{B9BF7C3A-A20D-4652-9344-E2D05D3FF418}.Debug|Any CPU.ActiveCfg = Debug|Any CPU
		{B9BF7C3A-A20D-4652-9344-E2D05D3FF418}.Debug|Any CPU.Build.0 = Debug|Any CPU
		{B9BF7C3A-A20D-4652-9344-E2D05D3FF418}.Release|Any CPU.ActiveCfg = Release|Any CPU
		{B9BF7C3A-A20D-4652-9344-E2D05D3FF418}.Release|Any CPU.Build.0 = Release|Any CPU
	EndGlobalSection
	GlobalSection(SolutionProperties) = preSolution
		HideSolutionNode = FALSE
	EndGlobalSection
	GlobalSection(ExtensibilityGlobals) = postSolution
		SolutionGuid = {98911831-6F3A-46B3-B026-65465465B29B}
	EndGlobalSection
EndGlobal
